// !$*UTF8*$!
{
	archiveVersion = 1;
	classes = {
	};
	objectVersion = 56;
	objects = {

/* Begin PBXBuildFile section */
		D7C92D5F2A8BA3A3007CFC89 /* factApp.swift in Sources */ = {isa = PBXBuildFile; fileRef = D7C92D5E2A8BA3A3007CFC89 /* factApp.swift */; };
		D7C92D612A8BA3A3007CFC89 /* ContentView.swift in Sources */ = {isa = PBXBuildFile; fileRef = D7C92D602A8BA3A3007CFC89 /* ContentView.swift */; };
		D7C92D632A8BA3A4007CFC89 /* Assets.xcassets in Resources */ = {isa = PBXBuildFile; fileRef = D7C92D622A8BA3A4007CFC89 /* Assets.xcassets */; };
		D7C92D662A8BA3A4007CFC89 /* Preview Assets.xcassets in Resources */ = {isa = PBXBuildFile; fileRef = D7C92D652A8BA3A4007CFC89 /* Preview Assets.xcassets */; };
		D7C92D702A8BA3A5007CFC89 /* factTests.swift in Sources */ = {isa = PBXBuildFile; fileRef = D7C92D6F2A8BA3A5007CFC89 /* factTests.swift */; };
		D7C92D7A2A8BA3A5007CFC89 /* factUITests.swift in Sources */ = {isa = PBXBuildFile; fileRef = D7C92D792A8BA3A5007CFC89 /* factUITests.swift */; };
		D7C92D7C2A8BA3A5007CFC89 /* factUITestsLaunchTests.swift in Sources */ = {isa = PBXBuildFile; fileRef = D7C92D7B2A8BA3A5007CFC89 /* factUITestsLaunchTests.swift */; };
/* End PBXBuildFile section */

/* Begin PBXContainerItemProxy section */
		D7C92D6C2A8BA3A5007CFC89 /* PBXContainerItemProxy */ = {
			isa = PBXContainerItemProxy;
			containerPortal = D7C92D532A8BA3A3007CFC89 /* Project object */;
			proxyType = 1;
			remoteGlobalIDString = D7C92D5A2A8BA3A3007CFC89;
			remoteInfo = fact;
		};
		D7C92D762A8BA3A5007CFC89 /* PBXContainerItemProxy */ = {
			isa = PBXContainerItemProxy;
			containerPortal = D7C92D532A8BA3A3007CFC89 /* Project object */;
			proxyType = 1;
			remoteGlobalIDString = D7C92D5A2A8BA3A3007CFC89;
			remoteInfo = fact;
		};
/* End PBXContainerItemProxy section */

/* Begin PBXFileReference section */
		D7C92D5B2A8BA3A3007CFC89 /* fact.app */ = {isa = PBXFileReference; explicitFileType = wrapper.application; includeInIndex = 0; path = fact.app; sourceTree = BUILT_PRODUCTS_DIR; };
		D7C92D5E2A8BA3A3007CFC89 /* factApp.swift */ = {isa = PBXFileReference; lastKnownFileType = sourcecode.swift; path = factApp.swift; sourceTree = "<group>"; };
		D7C92D602A8BA3A3007CFC89 /* ContentView.swift */ = {isa = PBXFileReference; lastKnownFileType = sourcecode.swift; path = ContentView.swift; sourceTree = "<group>"; };
		D7C92D622A8BA3A4007CFC89 /* Assets.xcassets */ = {isa = PBXFileReference; lastKnownFileType = folder.assetcatalog; path = Assets.xcassets; sourceTree = "<group>"; };
		D7C92D652A8BA3A4007CFC89 /* Preview Assets.xcassets */ = {isa = PBXFileReference; lastKnownFileType = folder.assetcatalog; path = "Preview Assets.xcassets"; sourceTree = "<group>"; };
		D7C92D6B2A8BA3A5007CFC89 /* factTests.xctest */ = {isa = PBXFileReference; explicitFileType = wrapper.cfbundle; includeInIndex = 0; path = factTests.xctest; sourceTree = BUILT_PRODUCTS_DIR; };
		D7C92D6F2A8BA3A5007CFC89 /* factTests.swift */ = {isa = PBXFileReference; lastKnownFileType = sourcecode.swift; path = factTests.swift; sourceTree = "<group>"; };
		D7C92D752A8BA3A5007CFC89 /* factUITests.xctest */ = {isa = PBXFileReference; explicitFileType = wrapper.cfbundle; includeInIndex = 0; path = factUITests.xctest; sourceTree = BUILT_PRODUCTS_DIR; };
		D7C92D792A8BA3A5007CFC89 /* factUITests.swift */ = {isa = PBXFileReference; lastKnownFileType = sourcecode.swift; path = factUITests.swift; sourceTree = "<group>"; };
		D7C92D7B2A8BA3A5007CFC89 /* factUITestsLaunchTests.swift */ = {isa = PBXFileReference; lastKnownFileType = sourcecode.swift; path = factUITestsLaunchTests.swift; sourceTree = "<group>"; };
/* End PBXFileReference section */

/* Begin PBXFrameworksBuildPhase section */
		D7C92D582A8BA3A3007CFC89 /* Frameworks */ = {
			isa = PBXFrameworksBuildPhase;
			buildActionMask = 2147483647;
			files = (
			);
			runOnlyForDeploymentPostprocessing = 0;
		};
		D7C92D682A8BA3A5007CFC89 /* Frameworks */ = {
			isa = PBXFrameworksBuildPhase;
			buildActionMask = 2147483647;
			files = (
			);
			runOnlyForDeploymentPostprocessing = 0;
		};
		D7C92D722A8BA3A5007CFC89 /* Frameworks */ = {
			isa = PBXFrameworksBuildPhase;
			buildActionMask = 2147483647;
			files = (
			);
			runOnlyForDeploymentPostprocessing = 0;
		};
/* End PBXFrameworksBuildPhase section */

/* Begin PBXGroup section */
		D7C92D522A8BA3A3007CFC89 = {
			isa = PBXGroup;
			children = (
				D7C92D5D2A8BA3A3007CFC89 /* fact */,
				D7C92D6E2A8BA3A5007CFC89 /* factTests */,
				D7C92D782A8BA3A5007CFC89 /* factUITests */,
				D7C92D5C2A8BA3A3007CFC89 /* Products */,
			);
			sourceTree = "<group>";
		};
		D7C92D5C2A8BA3A3007CFC89 /* Products */ = {
			isa = PBXGroup;
			children = (
				D7C92D5B2A8BA3A3007CFC89 /* fact.app */,
				D7C92D6B2A8BA3A5007CFC89 /* factTests.xctest */,
				D7C92D752A8BA3A5007CFC89 /* factUITests.xctest */,
			);
			name = Products;
			sourceTree = "<group>";
		};
		D7C92D5D2A8BA3A3007CFC89 /* fact */ = {
			isa = PBXGroup;
			children = (
				D7C92D5E2A8BA3A3007CFC89 /* factApp.swift */,
				D7C92D602A8BA3A3007CFC89 /* ContentView.swift */,
				D7C92D622A8BA3A4007CFC89 /* Assets.xcassets */,
				D7C92D642A8BA3A4007CFC89 /* Preview Content */,
			);
			path = fact;
			sourceTree = "<group>";
		};
		D7C92D642A8BA3A4007CFC89 /* Preview Content */ = {
			isa = PBXGroup;
			children = (
				D7C92D652A8BA3A4007CFC89 /* Preview Assets.xcassets */,
			);
			path = "Preview Content";
			sourceTree = "<group>";
		};
		D7C92D6E2A8BA3A5007CFC89 /* factTests */ = {
			isa = PBXGroup;
			children = (
				D7C92D6F2A8BA3A5007CFC89 /* factTests.swift */,
			);
			path = factTests;
			sourceTree = "<group>";
		};
		D7C92D782A8BA3A5007CFC89 /* factUITests */ = {
			isa = PBXGroup;
			children = (
				D7C92D792A8BA3A5007CFC89 /* factUITests.swift */,
				D7C92D7B2A8BA3A5007CFC89 /* factUITestsLaunchTests.swift */,
			);
			path = factUITests;
			sourceTree = "<group>";
		};
/* End PBXGroup section */

/* Begin PBXNativeTarget section */
		D7C92D5A2A8BA3A3007CFC89 /* fact */ = {
			isa = PBXNativeTarget;
			buildConfigurationList = D7C92D7F2A8BA3A5007CFC89 /* Build configuration list for PBXNativeTarget "fact" */;
			buildPhases = (
				D7C92D572A8BA3A3007CFC89 /* Sources */,
				D7C92D582A8BA3A3007CFC89 /* Frameworks */,
				D7C92D592A8BA3A3007CFC89 /* Resources */,
			);
			buildRules = (
			);
			dependencies = (
			);
			name = fact;
			productName = fact;
			productReference = D7C92D5B2A8BA3A3007CFC89 /* fact.app */;
			productType = "com.apple.product-type.application";
		};
		D7C92D6A2A8BA3A5007CFC89 /* factTests */ = {
			isa = PBXNativeTarget;
			buildConfigurationList = D7C92D822A8BA3A5007CFC89 /* Build configuration list for PBXNativeTarget "factTests" */;
			buildPhases = (
				D7C92D672A8BA3A5007CFC89 /* Sources */,
				D7C92D682A8BA3A5007CFC89 /* Frameworks */,
				D7C92D692A8BA3A5007CFC89 /* Resources */,
			);
			buildRules = (
			);
			dependencies = (
				D7C92D6D2A8BA3A5007CFC89 /* PBXTargetDependency */,
			);
			name = factTests;
			productName = factTests;
			productReference = D7C92D6B2A8BA3A5007CFC89 /* factTests.xctest */;
			productType = "com.apple.product-type.bundle.unit-test";
		};
		D7C92D742A8BA3A5007CFC89 /* factUITests */ = {
			isa = PBXNativeTarget;
			buildConfigurationList = D7C92D852A8BA3A5007CFC89 /* Build configuration list for PBXNativeTarget "factUITests" */;
			buildPhases = (
				D7C92D712A8BA3A5007CFC89 /* Sources */,
				D7C92D722A8BA3A5007CFC89 /* Frameworks */,
				D7C92D732A8BA3A5007CFC89 /* Resources */,
			);
			buildRules = (
			);
			dependencies = (
				D7C92D772A8BA3A5007CFC89 /* PBXTargetDependency */,
			);
			name = factUITests;
			productName = factUITests;
			productReference = D7C92D752A8BA3A5007CFC89 /* factUITests.xctest */;
			productType = "com.apple.product-type.bundle.ui-testing";
		};
/* End PBXNativeTarget section */

/* Begin PBXProject section */
		D7C92D532A8BA3A3007CFC89 /* Project object */ = {
			isa = PBXProject;
			attributes = {
				BuildIndependentTargetsInParallel = 1;
				LastSwiftUpdateCheck = 1430;
				LastUpgradeCheck = 1430;
				TargetAttributes = {
					D7C92D5A2A8BA3A3007CFC89 = {
						CreatedOnToolsVersion = 14.3.1;
					};
					D7C92D6A2A8BA3A5007CFC89 = {
						CreatedOnToolsVersion = 14.3.1;
						TestTargetID = D7C92D5A2A8BA3A3007CFC89;
					};
					D7C92D742A8BA3A5007CFC89 = {
						CreatedOnToolsVersion = 14.3.1;
						TestTargetID = D7C92D5A2A8BA3A3007CFC89;
					};
				};
			};
			buildConfigurationList = D7C92D562A8BA3A3007CFC89 /* Build configuration list for PBXProject "fact" */;
			compatibilityVersion = "Xcode 14.0";
			developmentRegion = en;
			hasScannedForEncodings = 0;
			knownRegions = (
				en,
				Base,
			);
			mainGroup = D7C92D522A8BA3A3007CFC89;
			productRefGroup = D7C92D5C2A8BA3A3007CFC89 /* Products */;
			projectDirPath = "";
			projectRoot = "";
			targets = (
				D7C92D5A2A8BA3A3007CFC89 /* fact */,
				D7C92D6A2A8BA3A5007CFC89 /* factTests */,
				D7C92D742A8BA3A5007CFC89 /* factUITests */,
			);
		};
/* End PBXProject section */

/* Begin PBXResourcesBuildPhase section */
		D7C92D592A8BA3A3007CFC89 /* Resources */ = {
			isa = PBXResourcesBuildPhase;
			buildActionMask = 2147483647;
			files = (
				D7C92D662A8BA3A4007CFC89 /* Preview Assets.xcassets in Resources */,
				D7C92D632A8BA3A4007CFC89 /* Assets.xcassets in Resources */,
			);
			runOnlyForDeploymentPostprocessing = 0;
		};
		D7C92D692A8BA3A5007CFC89 /* Resources */ = {
			isa = PBXResourcesBuildPhase;
			buildActionMask = 2147483647;
			files = (
			);
			runOnlyForDeploymentPostprocessing = 0;
		};
		D7C92D732A8BA3A5007CFC89 /* Resources */ = {
			isa = PBXResourcesBuildPhase;
			buildActionMask = 2147483647;
			files = (
			);
			runOnlyForDeploymentPostprocessing = 0;
		};
/* End PBXResourcesBuildPhase section */

/* Begin PBXSourcesBuildPhase section */
		D7C92D572A8BA3A3007CFC89 /* Sources */ = {
			isa = PBXSourcesBuildPhase;
			buildActionMask = 2147483647;
			files = (
				D7C92D612A8BA3A3007CFC89 /* ContentView.swift in Sources */,
				D7C92D5F2A8BA3A3007CFC89 /* factApp.swift in Sources */,
			);
			runOnlyForDeploymentPostprocessing = 0;
		};
		D7C92D672A8BA3A5007CFC89 /* Sources */ = {
			isa = PBXSourcesBuildPhase;
			buildActionMask = 2147483647;
			files = (
				D7C92D702A8BA3A5007CFC89 /* factTests.swift in Sources */,
			);
			runOnlyForDeploymentPostprocessing = 0;
		};
		D7C92D712A8BA3A5007CFC89 /* Sources */ = {
			isa = PBXSourcesBuildPhase;
			buildActionMask = 2147483647;
			files = (
				D7C92D7C2A8BA3A5007CFC89 /* factUITestsLaunchTests.swift in Sources */,
				D7C92D7A2A8BA3A5007CFC89 /* factUITests.swift in Sources */,
			);
			runOnlyForDeploymentPostprocessing = 0;
		};
/* End PBXSourcesBuildPhase section */

/* Begin PBXTargetDependency section */
		D7C92D6D2A8BA3A5007CFC89 /* PBXTargetDependency */ = {
			isa = PBXTargetDependency;
			target = D7C92D5A2A8BA3A3007CFC89 /* fact */;
			targetProxy = D7C92D6C2A8BA3A5007CFC89 /* PBXContainerItemProxy */;
		};
		D7C92D772A8BA3A5007CFC89 /* PBXTargetDependency */ = {
			isa = PBXTargetDependency;
			target = D7C92D5A2A8BA3A3007CFC89 /* fact */;
			targetProxy = D7C92D762A8BA3A5007CFC89 /* PBXContainerItemProxy */;
		};
/* End PBXTargetDependency section */

/* Begin XCBuildConfiguration section */
		D7C92D7D2A8BA3A5007CFC89 /* Debug */ = {
			isa = XCBuildConfiguration;
			buildSettings = {
				ALWAYS_SEARCH_USER_PATHS = NO;
				CLANG_ANALYZER_NONNULL = YES;
				CLANG_ANALYZER_NUMBER_OBJECT_CONVERSION = YES_AGGRESSIVE;
				CLANG_CXX_LANGUAGE_STANDARD = "gnu++20";
				CLANG_ENABLE_MODULES = YES;
				CLANG_ENABLE_OBJC_ARC = YES;
				CLANG_ENABLE_OBJC_WEAK = YES;
				CLANG_WARN_BLOCK_CAPTURE_AUTORELEASING = YES;
				CLANG_WARN_BOOL_CONVERSION = YES;
				CLANG_WARN_COMMA = YES;
				CLANG_WARN_CONSTANT_CONVERSION = YES;
				CLANG_WARN_DEPRECATED_OBJC_IMPLEMENTATIONS = YES;
				CLANG_WARN_DIRECT_OBJC_ISA_USAGE = YES_ERROR;
				CLANG_WARN_DOCUMENTATION_COMMENTS = YES;
				CLANG_WARN_EMPTY_BODY = YES;
				CLANG_WARN_ENUM_CONVERSION = YES;
				CLANG_WARN_INFINITE_RECURSION = YES;
				CLANG_WARN_INT_CONVERSION = YES;
				CLANG_WARN_NON_LITERAL_NULL_CONVERSION = YES;
				CLANG_WARN_OBJC_IMPLICIT_RETAIN_SELF = YES;
				CLANG_WARN_OBJC_LITERAL_CONVERSION = YES;
				CLANG_WARN_OBJC_ROOT_CLASS = YES_ERROR;
				CLANG_WARN_QUOTED_INCLUDE_IN_FRAMEWORK_HEADER = YES;
				CLANG_WARN_RANGE_LOOP_ANALYSIS = YES;
				CLANG_WARN_STRICT_PROTOTYPES = YES;
				CLANG_WARN_SUSPICIOUS_MOVE = YES;
				CLANG_WARN_UNGUARDED_AVAILABILITY = YES_AGGRESSIVE;
				CLANG_WARN_UNREACHABLE_CODE = YES;
				CLANG_WARN__DUPLICATE_METHOD_MATCH = YES;
				COPY_PHASE_STRIP = NO;
				DEBUG_INFORMATION_FORMAT = dwarf;
				ENABLE_STRICT_OBJC_MSGSEND = YES;
				ENABLE_TESTABILITY = YES;
				GCC_C_LANGUAGE_STANDARD = gnu11;
				GCC_DYNAMIC_NO_PIC = NO;
				GCC_NO_COMMON_BLOCKS = YES;
				GCC_OPTIMIZATION_LEVEL = 0;
				GCC_PREPROCESSOR_DEFINITIONS = (
					"DEBUG=1",
					"$(inherited)",
				);
				GCC_WARN_64_TO_32_BIT_CONVERSION = YES;
				GCC_WARN_ABOUT_RETURN_TYPE = YES_ERROR;
				GCC_WARN_UNDECLARED_SELECTOR = YES;
				GCC_WARN_UNINITIALIZED_AUTOS = YES_AGGRESSIVE;
				GCC_WARN_UNUSED_FUNCTION = YES;
				GCC_WARN_UNUSED_VARIABLE = YES;
				IPHONEOS_DEPLOYMENT_TARGET = 16.4;
				MTL_ENABLE_DEBUG_INFO = INCLUDE_SOURCE;
				MTL_FAST_MATH = YES;
				ONLY_ACTIVE_ARCH = YES;
				SDKROOT = iphoneos;
				SWIFT_ACTIVE_COMPILATION_CONDITIONS = DEBUG;
				SWIFT_OPTIMIZATION_LEVEL = "-Onone";
			};
			name = Debug;
		};
		D7C92D7E2A8BA3A5007CFC89 /* Release */ = {
			isa = XCBuildConfiguration;
			buildSettings = {
				ALWAYS_SEARCH_USER_PATHS = NO;
				CLANG_ANALYZER_NONNULL = YES;
				CLANG_ANALYZER_NUMBER_OBJECT_CONVERSION = YES_AGGRESSIVE;
				CLANG_CXX_LANGUAGE_STANDARD = "gnu++20";
				CLANG_ENABLE_MODULES = YES;
				CLANG_ENABLE_OBJC_ARC = YES;
				CLANG_ENABLE_OBJC_WEAK = YES;
				CLANG_WARN_BLOCK_CAPTURE_AUTORELEASING = YES;
				CLANG_WARN_BOOL_CONVERSION = YES;
				CLANG_WARN_COMMA = YES;
				CLANG_WARN_CONSTANT_CONVERSION = YES;
				CLANG_WARN_DEPRECATED_OBJC_IMPLEMENTATIONS = YES;
				CLANG_WARN_DIRECT_OBJC_ISA_USAGE = YES_ERROR;
				CLANG_WARN_DOCUMENTATION_COMMENTS = YES;
				CLANG_WARN_EMPTY_BODY = YES;
				CLANG_WARN_ENUM_CONVERSION = YES;
				CLANG_WARN_INFINITE_RECURSION = YES;
				CLANG_WARN_INT_CONVERSION = YES;
				CLANG_WARN_NON_LITERAL_NULL_CONVERSION = YES;
				CLANG_WARN_OBJC_IMPLICIT_RETAIN_SELF = YES;
				CLANG_WARN_OBJC_LITERAL_CONVERSION = YES;
				CLANG_WARN_OBJC_ROOT_CLASS = YES_ERROR;
				CLANG_WARN_QUOTED_INCLUDE_IN_FRAMEWORK_HEADER = YES;
				CLANG_WARN_RANGE_LOOP_ANALYSIS = YES;
				CLANG_WARN_STRICT_PROTOTYPES = YES;
				CLANG_WARN_SUSPICIOUS_MOVE = YES;
				CLANG_WARN_UNGUARDED_AVAILABILITY = YES_AGGRESSIVE;
				CLANG_WARN_UNREACHABLE_CODE = YES;
				CLANG_WARN__DUPLICATE_METHOD_MATCH = YES;
				COPY_PHASE_STRIP = NO;
				DEBUG_INFORMATION_FORMAT = "dwarf-with-dsym";
				ENABLE_NS_ASSERTIONS = NO;
				ENABLE_STRICT_OBJC_MSGSEND = YES;
				GCC_C_LANGUAGE_STANDARD = gnu11;
				GCC_NO_COMMON_BLOCKS = YES;
				GCC_WARN_64_TO_32_BIT_CONVERSION = YES;
				GCC_WARN_ABOUT_RETURN_TYPE = YES_ERROR;
				GCC_WARN_UNDECLARED_SELECTOR = YES;
				GCC_WARN_UNINITIALIZED_AUTOS = YES_AGGRESSIVE;
				GCC_WARN_UNUSED_FUNCTION = YES;
				GCC_WARN_UNUSED_VARIABLE = YES;
				IPHONEOS_DEPLOYMENT_TARGET = 16.4;
				MTL_ENABLE_DEBUG_INFO = NO;
				MTL_FAST_MATH = YES;
				SDKROOT = iphoneos;
				SWIFT_COMPILATION_MODE = wholemodule;
				SWIFT_OPTIMIZATION_LEVEL = "-O";
				VALIDATE_PRODUCT = YES;
			};
			name = Release;
		};
		D7C92D802A8BA3A5007CFC89 /* Debug */ = {
			isa = XCBuildConfiguration;
			buildSettings = {
				ASSETCATALOG_COMPILER_APPICON_NAME = AppIcon;
				ASSETCATALOG_COMPILER_GLOBAL_ACCENT_COLOR_NAME = AccentColor;
				CODE_SIGN_STYLE = Automatic;
				CURRENT_PROJECT_VERSION = 1;
				DEVELOPMENT_ASSET_PATHS = "\"fact/Preview Content\"";
				ENABLE_PREVIEWS = YES;
				GENERATE_INFOPLIST_FILE = YES;
				INFOPLIST_KEY_UIApplicationSceneManifest_Generation = YES;
				INFOPLIST_KEY_UIApplicationSupportsIndirectInputEvents = YES;
				INFOPLIST_KEY_UILaunchScreen_Generation = YES;
				INFOPLIST_KEY_UISupportedInterfaceOrientations_iPad = "UIInterfaceOrientationPortrait UIInterfaceOrientationPortraitUpsideDown UIInterfaceOrientationLandscapeLeft UIInterfaceOrientationLandscapeRight";
				INFOPLIST_KEY_UISupportedInterfaceOrientations_iPhone = "UIInterfaceOrientationPortrait UIInterfaceOrientationLandscapeLeft UIInterfaceOrientationLandscapeRight";
				LD_RUNPATH_SEARCH_PATHS = (
					"$(inherited)",
					"@executable_path/Frameworks",
				);
				MARKETING_VERSION = 1.0;
				PRODUCT_BUNDLE_IDENTIFIER = com.wheeleruniverse.fact;
				PRODUCT_NAME = "$(TARGET_NAME)";
				SWIFT_EMIT_LOC_STRINGS = YES;
				SWIFT_VERSION = 5.0;
				TARGETED_DEVICE_FAMILY = "1,2";
			};
			name = Debug;
		};
		D7C92D812A8BA3A5007CFC89 /* Release */ = {
			isa = XCBuildConfiguration;
			buildSettings = {
				ASSETCATALOG_COMPILER_APPICON_NAME = AppIcon;
				ASSETCATALOG_COMPILER_GLOBAL_ACCENT_COLOR_NAME = AccentColor;
				CODE_SIGN_STYLE = Automatic;
				CURRENT_PROJECT_VERSION = 1;
				DEVELOPMENT_ASSET_PATHS = "\"fact/Preview Content\"";
				ENABLE_PREVIEWS = YES;
				GENERATE_INFOPLIST_FILE = YES;
				INFOPLIST_KEY_UIApplicationSceneManifest_Generation = YES;
				INFOPLIST_KEY_UIApplicationSupportsIndirectInputEvents = YES;
				INFOPLIST_KEY_UILaunchScreen_Generation = YES;
				INFOPLIST_KEY_UISupportedInterfaceOrientations_iPad = "UIInterfaceOrientationPortrait UIInterfaceOrientationPortraitUpsideDown UIInterfaceOrientationLandscapeLeft UIInterfaceOrientationLandscapeRight";
				INFOPLIST_KEY_UISupportedInterfaceOrientations_iPhone = "UIInterfaceOrientationPortrait UIInterfaceOrientationLandscapeLeft UIInterfaceOrientationLandscapeRight";
				LD_RUNPATH_SEARCH_PATHS = (
					"$(inherited)",
					"@executable_path/Frameworks",
				);
				MARKETING_VERSION = 1.0;
				PRODUCT_BUNDLE_IDENTIFIER = com.wheeleruniverse.fact;
				PRODUCT_NAME = "$(TARGET_NAME)";
				SWIFT_EMIT_LOC_STRINGS = YES;
				SWIFT_VERSION = 5.0;
				TARGETED_DEVICE_FAMILY = "1,2";
			};
			name = Release;
		};
		D7C92D832A8BA3A5007CFC89 /* Debug */ = {
			isa = XCBuildConfiguration;
			buildSettings = {
				ALWAYS_EMBED_SWIFT_STANDARD_LIBRARIES = YES;
				BUNDLE_LOADER = "$(TEST_HOST)";
				CODE_SIGN_STYLE = Automatic;
				CURRENT_PROJECT_VERSION = 1;
				GENERATE_INFOPLIST_FILE = YES;
				IPHONEOS_DEPLOYMENT_TARGET = 16.4;
				MARKETING_VERSION = 1.0;
				PRODUCT_BUNDLE_IDENTIFIER = com.wheeleruniverse.factTests;
				PRODUCT_NAME = "$(TARGET_NAME)";
				SWIFT_EMIT_LOC_STRINGS = NO;
				SWIFT_VERSION = 5.0;
				TARGETED_DEVICE_FAMILY = "1,2";
				TEST_HOST = "$(BUILT_PRODUCTS_DIR)/fact.app/$(BUNDLE_EXECUTABLE_FOLDER_PATH)/fact";
			};
			name = Debug;
		};
		D7C92D842A8BA3A5007CFC89 /* Release */ = {
			isa = XCBuildConfiguration;
			buildSettings = {
				ALWAYS_EMBED_SWIFT_STANDARD_LIBRARIES = YES;
				BUNDLE_LOADER = "$(TEST_HOST)";
				CODE_SIGN_STYLE = Automatic;
				CURRENT_PROJECT_VERSION = 1;
				GENERATE_INFOPLIST_FILE = YES;
				IPHONEOS_DEPLOYMENT_TARGET = 16.4;
				MARKETING_VERSION = 1.0;
				PRODUCT_BUNDLE_IDENTIFIER = com.wheeleruniverse.factTests;
				PRODUCT_NAME = "$(TARGET_NAME)";
				SWIFT_EMIT_LOC_STRINGS = NO;
				SWIFT_VERSION = 5.0;
				TARGETED_DEVICE_FAMILY = "1,2";
				TEST_HOST = "$(BUILT_PRODUCTS_DIR)/fact.app/$(BUNDLE_EXECUTABLE_FOLDER_PATH)/fact";
			};
			name = Release;
		};
		D7C92D862A8BA3A5007CFC89 /* Debug */ = {
			isa = XCBuildConfiguration;
			buildSettings = {
				ALWAYS_EMBED_SWIFT_STANDARD_LIBRARIES = YES;
				CODE_SIGN_STYLE = Automatic;
				CURRENT_PROJECT_VERSION = 1;
				GENERATE_INFOPLIST_FILE = YES;
				MARKETING_VERSION = 1.0;
				PRODUCT_BUNDLE_IDENTIFIER = com.wheeleruniverse.factUITests;
				PRODUCT_NAME = "$(TARGET_NAME)";
				SWIFT_EMIT_LOC_STRINGS = NO;
				SWIFT_VERSION = 5.0;
				TARGETED_DEVICE_FAMILY = "1,2";
				TEST_TARGET_NAME = fact;
			};
			name = Debug;
		};
		D7C92D872A8BA3A5007CFC89 /* Release */ = {
			isa = XCBuildConfiguration;
			buildSettings = {
				ALWAYS_EMBED_SWIFT_STANDARD_LIBRARIES = YES;
				CODE_SIGN_STYLE = Automatic;
				CURRENT_PROJECT_VERSION = 1;
				GENERATE_INFOPLIST_FILE = YES;
				MARKETING_VERSION = 1.0;
				PRODUCT_BUNDLE_IDENTIFIER = com.wheeleruniverse.factUITests;
				PRODUCT_NAME = "$(TARGET_NAME)";
				SWIFT_EMIT_LOC_STRINGS = NO;
				SWIFT_VERSION = 5.0;
				TARGETED_DEVICE_FAMILY = "1,2";
				TEST_TARGET_NAME = fact;
			};
			name = Release;
		};
/* End XCBuildConfiguration section */

/* Begin XCConfigurationList section */
		D7C92D562A8BA3A3007CFC89 /* Build configuration list for PBXProject "fact" */ = {
			isa = XCConfigurationList;
			buildConfigurations = (
				D7C92D7D2A8BA3A5007CFC89 /* Debug */,
				D7C92D7E2A8BA3A5007CFC89 /* Release */,
			);
			defaultConfigurationIsVisible = 0;
			defaultConfigurationName = Release;
		};
		D7C92D7F2A8BA3A5007CFC89 /* Build configuration list for PBXNativeTarget "fact" */ = {
			isa = XCConfigurationList;
			buildConfigurations = (
				D7C92D802A8BA3A5007CFC89 /* Debug */,
				D7C92D812A8BA3A5007CFC89 /* Release */,
			);
			defaultConfigurationIsVisible = 0;
			defaultConfigurationName = Release;
		};
		D7C92D822A8BA3A5007CFC89 /* Build configuration list for PBXNativeTarget "factTests" */ = {
			isa = XCConfigurationList;
			buildConfigurations = (
				D7C92D832A8BA3A5007CFC89 /* Debug */,
				D7C92D842A8BA3A5007CFC89 /* Release */,
			);
			defaultConfigurationIsVisible = 0;
			defaultConfigurationName = Release;
		};
		D7C92D852A8BA3A5007CFC89 /* Build configuration list for PBXNativeTarget "factUITests" */ = {
			isa = XCConfigurationList;
			buildConfigurations = (
				D7C92D862A8BA3A5007CFC89 /* Debug */,
				D7C92D872A8BA3A5007CFC89 /* Release */,
			);
			defaultConfigurationIsVisible = 0;
			defaultConfigurationName = Release;
		};
/* End XCConfigurationList section */
	};
	rootObject = D7C92D532A8BA3A3007CFC89 /* Project object */;
}
